
Microsoft Visual Studio Solution File, Format Version 12.00
# Visual Studio Version 17
VisualStudioVersion = 17.6.33829.357
MinimumVisualStudioVersion = 10.0.40219.1
Project("{2150E333-8FDC-42A3-9474-1A3956D46DE8}") = "FrontEnd", "FrontEnd", "{770601C0-7B20-4922-8FCA-3EA0D5EC18EE}"
EndProject
Project("{2150E333-8FDC-42A3-9474-1A3956D46DE8}") = "Services", "Services", "{78D6F1D0-449A-47D4-90AD-B43E40A7110D}"
EndProject
Project("{9A19103F-16F7-4668-BE54-9A1E7A4F7556}") = "GeekShopping.ProductApi", "GeekShopping\GeekShopping.ProductApi.csproj", "{A4DBA4A4-5D8A-4B5F-926F-8FAB8D361862}"
EndProject
Project("{9A19103F-16F7-4668-BE54-9A1E7A4F7556}") = "GeekShopping.Web", "GeekShopping.Web\GeekShopping.Web.csproj", "{1DB91512-8647-4184-814E-97ED1FCF8DEB}"
EndProject
Project("{9A19103F-16F7-4668-BE54-9A1E7A4F7556}") = "GeekShopping.IdentityServer", "GeekShopping.IdentityServer\GeekShopping.IdentityServer.csproj", "{8C08D8ED-2C78-48CD-A329-7432894C8F9B}"
EndProject
Project("{9A19103F-16F7-4668-BE54-9A1E7A4F7556}") = "GeekShopping.CartApi", "GeekShopping.CartApi\GeekShopping.CartApi.csproj", "{A309C3D3-27F6-4556-A075-0758C53C65AA}"
EndProject
Project("{9A19103F-16F7-4668-BE54-9A1E7A4F7556}") = "GeekShopping.CouponApi", "GeekShopping.CouponApi\GeekShopping.CouponApi.csproj", "{C17BA842-B04C-446E-A46E-2F638858D851}"
EndProject
Project("{2150E333-8FDC-42A3-9474-1A3956D46DE8}") = "Integration", "Integration", "{FD772984-1678-49A0-B2F3-C9298AC3A721}"
EndProject
Project("{FAE04EC0-301F-11D3-BF4B-00C04F79EFBC}") = "GeekShopping.MessageBus", "GeekShopping.MessageBus\GeekShopping.MessageBus.csproj", "{CA2AEF63-3C90-4098-8C93-D8FB641E302B}"
EndProject
Global
	GlobalSection(SolutionConfigurationPlatforms) = preSolution
		Debug|Any CPU = Debug|Any CPU
		Release|Any CPU = Release|Any CPU
	EndGlobalSection
	GlobalSection(ProjectConfigurationPlatforms) = postSolution
		{A4DBA4A4-5D8A-4B5F-926F-8FAB8D361862}.Debug|Any CPU.ActiveCfg = Debug|Any CPU
		{A4DBA4A4-5D8A-4B5F-926F-8FAB8D361862}.Debug|Any CPU.Build.0 = Debug|Any CPU
		{A4DBA4A4-5D8A-4B5F-926F-8FAB8D361862}.Release|Any CPU.ActiveCfg = Release|Any CPU
		{A4DBA4A4-5D8A-4B5F-926F-8FAB8D361862}.Release|Any CPU.Build.0 = Release|Any CPU
		{1DB91512-8647-4184-814E-97ED1FCF8DEB}.Debug|Any CPU.ActiveCfg = Debug|Any CPU
		{1DB91512-8647-4184-814E-97ED1FCF8DEB}.Debug|Any CPU.Build.0 = Debug|Any CPU
		{1DB91512-8647-4184-814E-97ED1FCF8DEB}.Release|Any CPU.ActiveCfg = Release|Any CPU
		{1DB91512-8647-4184-814E-97ED1FCF8DEB}.Release|Any CPU.Build.0 = Release|Any CPU
		{8C08D8ED-2C78-48CD-A329-7432894C8F9B}.Debug|Any CPU.ActiveCfg = Debug|Any CPU
		{8C08D8ED-2C78-48CD-A329-7432894C8F9B}.Debug|Any CPU.Build.0 = Debug|Any CPU
		{8C08D8ED-2C78-48CD-A329-7432894C8F9B}.Release|Any CPU.ActiveCfg = Release|Any CPU
		{8C08D8ED-2C78-48CD-A329-7432894C8F9B}.Release|Any CPU.Build.0 = Release|Any CPU
		{A309C3D3-27F6-4556-A075-0758C53C65AA}.Debug|Any CPU.ActiveCfg = Debug|Any CPU
		{A309C3D3-27F6-4556-A075-0758C53C65AA}.Debug|Any CPU.Build.0 = Debug|Any CPU
		{A309C3D3-27F6-4556-A075-0758C53C65AA}.Release|Any CPU.ActiveCfg = Release|Any CPU
		{A309C3D3-27F6-4556-A075-0758C53C65AA}.Release|Any CPU.Build.0 = Release|Any CPU
		{C17BA842-B04C-446E-A46E-2F638858D851}.Debug|Any CPU.ActiveCfg = Debug|Any CPU
		{C17BA842-B04C-446E-A46E-2F638858D851}.Debug|Any CPU.Build.0 = Debug|Any CPU
		{C17BA842-B04C-446E-A46E-2F638858D851}.Release|Any CPU.ActiveCfg = Release|Any CPU
		{C17BA842-B04C-446E-A46E-2F638858D851}.Release|Any CPU.Build.0 = Release|Any CPU
		{CA2AEF63-3C90-4098-8C93-D8FB641E302B}.Debug|Any CPU.ActiveCfg = Debug|Any CPU
		{CA2AEF63-3C90-4098-8C93-D8FB641E302B}.Debug|Any CPU.Build.0 = Debug|Any CPU
		{CA2AEF63-3C90-4098-8C93-D8FB641E302B}.Release|Any CPU.ActiveCfg = Release|Any CPU
		{CA2AEF63-3C90-4098-8C93-D8FB641E302B}.Release|Any CPU.Build.0 = Release|Any CPU
	EndGlobalSection
	GlobalSection(SolutionProperties) = preSolution
		HideSolutionNode = FALSE
	EndGlobalSection
	GlobalSection(NestedProjects) = preSolution
		{A4DBA4A4-5D8A-4B5F-926F-8FAB8D361862} = {78D6F1D0-449A-47D4-90AD-B43E40A7110D}
		{1DB91512-8647-4184-814E-97ED1FCF8DEB} = {770601C0-7B20-4922-8FCA-3EA0D5EC18EE}
		{8C08D8ED-2C78-48CD-A329-7432894C8F9B} = {78D6F1D0-449A-47D4-90AD-B43E40A7110D}
		{A309C3D3-27F6-4556-A075-0758C53C65AA} = {78D6F1D0-449A-47D4-90AD-B43E40A7110D}
		{C17BA842-B04C-446E-A46E-2F638858D851} = {78D6F1D0-449A-47D4-90AD-B43E40A7110D}
		{CA2AEF63-3C90-4098-8C93-D8FB641E302B} = {FD772984-1678-49A0-B2F3-C9298AC3A721}
	EndGlobalSection
	GlobalSection(ExtensibilityGlobals) = postSolution
		SolutionGuid = {88C194C0-1A3E-4A58-8218-7CE2BE96462C}
	EndGlobalSection
EndGlobal
