
Microsoft Visual Studio Solution File, Format Version 12.00
# Visual Studio Version 17
VisualStudioVersion = 17.6.33829.357
MinimumVisualStudioVersion = 10.0.40219.1
Project("{2150E333-8FDC-42A3-9474-1A3956D46DE8}") = "FrontEnd", "FrontEnd", "{770601C0-7B20-4922-8FCA-3EA0D5EC18EE}"
EndProject
Project("{2150E333-8FDC-42A3-9474-1A3956D46DE8}") = "Services", "Services", "{78D6F1D0-449A-47D4-90AD-B43E40A7110D}"
EndProject
Project("{9A19103F-16F7-4668-BE54-9A1E7A4F7556}") = "GeekShopping.ProductApi", "GeekShopping\GeekShopping.ProductApi.csproj", "{A4DBA4A4-5D8A-4B5F-926F-8FAB8D361862}"
EndProject
Project("{9A19103F-16F7-4668-BE54-9A1E7A4F7556}") = "GeekShopping.Web", "GeekShopping.Web\GeekShopping.Web.csproj", "{1DB91512-8647-4184-814E-97ED1FCF8DEB}"
EndProject
Project("{9A19103F-16F7-4668-BE54-9A1E7A4F7556}") = "GeekShopping.IdentityServer", "GeekShopping.IdentityServer\GeekShopping.IdentityServer.csproj", "{8C08D8ED-2C78-48CD-A329-7432894C8F9B}"
EndProject
Project("{9A19103F-16F7-4668-BE54-9A1E7A4F7556}") = "GeekShopping.CartApi", "GeekShopping.CartApi\GeekShopping.CartApi.csproj", "{A309C3D3-27F6-4556-A075-0758C53C65AA}"
EndProject
Project("{9A19103F-16F7-4668-BE54-9A1E7A4F7556}") = "GeekShopping.CouponApi", "GeekShopping.CouponApi\GeekShopping.CouponApi.csproj", "{C17BA842-B04C-446E-A46E-2F638858D851}"
EndProject
Project("{2150E333-8FDC-42A3-9474-1A3956D46DE8}") = "Integration", "Integration", "{FD772984-1678-49A0-B2F3-C9298AC3A721}"
EndProject
Project("{9A19103F-16F7-4668-BE54-9A1E7A4F7556}") = "GeekShopping.MessageBus", "GeekShopping.MessageBus\GeekShopping.MessageBus.csproj", "{CA2AEF63-3C90-4098-8C93-D8FB641E302B}"
EndProject
Project("{9A19103F-16F7-4668-BE54-9A1E7A4F7556}") = "GeekShopping.OrderApi", "GeekShopping.OrderApi\GeekShopping.OrderApi.csproj", "{815FBCE5-6146-4299-B209-4CCC3DAAFF7B}"
EndProject
Project("{2150E333-8FDC-42A3-9474-1A3956D46DE8}") = "Payments", "Payments", "{CFBA496F-62D3-40DE-9686-7B86BC8BC1DE}"
EndProject
Project("{9A19103F-16F7-4668-BE54-9A1E7A4F7556}") = "GeekShopping.PaymentProcessor", "GeekShopping.PaymentProcessor\GeekShopping.PaymentProcessor.csproj", "{A98189EC-4449-44E0-A2E0-5B5309DCA475}"
EndProject
Project("{9A19103F-16F7-4668-BE54-9A1E7A4F7556}") = "GeekShopping.PaymentApi", "GeekShopping.PaymentApi\GeekShopping.PaymentApi.csproj", "{0A767A14-FF6A-463D-AEA2-6E3516F3D9F9}"
EndProject
Project("{9A19103F-16F7-4668-BE54-9A1E7A4F7556}") = "GeekShopping.Email", "GeekShopping.Email\GeekShopping.Email.csproj", "{9B8C5FDA-7ECD-478F-AFCA-49BBC127FBC0}"
EndProject
Project("{2150E333-8FDC-42A3-9474-1A3956D46DE8}") = "Gateway", "Gateway", "{9DE15127-1173-45CA-BD6B-9EA180F6759C}"
EndProject
Project("{FAE04EC0-301F-11D3-BF4B-00C04F79EFBC}") = "GeekShopping.ApiGateway", "GeekShopping.ApiGateway\GeekShopping.ApiGateway.csproj", "{AE13B18A-9DAA-44C7-8794-1EEE658E0014}"
EndProject
Global
	GlobalSection(SolutionConfigurationPlatforms) = preSolution
		Debug|Any CPU = Debug|Any CPU
		Release|Any CPU = Release|Any CPU
	EndGlobalSection
	GlobalSection(ProjectConfigurationPlatforms) = postSolution
		{A4DBA4A4-5D8A-4B5F-926F-8FAB8D361862}.Debug|Any CPU.ActiveCfg = Debug|Any CPU
		{A4DBA4A4-5D8A-4B5F-926F-8FAB8D361862}.Debug|Any CPU.Build.0 = Debug|Any CPU
		{A4DBA4A4-5D8A-4B5F-926F-8FAB8D361862}.Release|Any CPU.ActiveCfg = Release|Any CPU
		{A4DBA4A4-5D8A-4B5F-926F-8FAB8D361862}.Release|Any CPU.Build.0 = Release|Any CPU
		{1DB91512-8647-4184-814E-97ED1FCF8DEB}.Debug|Any CPU.ActiveCfg = Debug|Any CPU
		{1DB91512-8647-4184-814E-97ED1FCF8DEB}.Debug|Any CPU.Build.0 = Debug|Any CPU
		{1DB91512-8647-4184-814E-97ED1FCF8DEB}.Release|Any CPU.ActiveCfg = Release|Any CPU
		{1DB91512-8647-4184-814E-97ED1FCF8DEB}.Release|Any CPU.Build.0 = Release|Any CPU
		{8C08D8ED-2C78-48CD-A329-7432894C8F9B}.Debug|Any CPU.ActiveCfg = Debug|Any CPU
		{8C08D8ED-2C78-48CD-A329-7432894C8F9B}.Debug|Any CPU.Build.0 = Debug|Any CPU
		{8C08D8ED-2C78-48CD-A329-7432894C8F9B}.Release|Any CPU.ActiveCfg = Release|Any CPU
		{8C08D8ED-2C78-48CD-A329-7432894C8F9B}.Release|Any CPU.Build.0 = Release|Any CPU
		{A309C3D3-27F6-4556-A075-0758C53C65AA}.Debug|Any CPU.ActiveCfg = Debug|Any CPU
		{A309C3D3-27F6-4556-A075-0758C53C65AA}.Debug|Any CPU.Build.0 = Debug|Any CPU
		{A309C3D3-27F6-4556-A075-0758C53C65AA}.Release|Any CPU.ActiveCfg = Release|Any CPU
		{A309C3D3-27F6-4556-A075-0758C53C65AA}.Release|Any CPU.Build.0 = Release|Any CPU
		{C17BA842-B04C-446E-A46E-2F638858D851}.Debug|Any CPU.ActiveCfg = Debug|Any CPU
		{C17BA842-B04C-446E-A46E-2F638858D851}.Debug|Any CPU.Build.0 = Debug|Any CPU
		{C17BA842-B04C-446E-A46E-2F638858D851}.Release|Any CPU.ActiveCfg = Release|Any CPU
		{C17BA842-B04C-446E-A46E-2F638858D851}.Release|Any CPU.Build.0 = Release|Any CPU
		{CA2AEF63-3C90-4098-8C93-D8FB641E302B}.Debug|Any CPU.ActiveCfg = Debug|Any CPU
		{CA2AEF63-3C90-4098-8C93-D8FB641E302B}.Debug|Any CPU.Build.0 = Debug|Any CPU
		{CA2AEF63-3C90-4098-8C93-D8FB641E302B}.Release|Any CPU.ActiveCfg = Release|Any CPU
		{CA2AEF63-3C90-4098-8C93-D8FB641E302B}.Release|Any CPU.Build.0 = Release|Any CPU
		{815FBCE5-6146-4299-B209-4CCC3DAAFF7B}.Debug|Any CPU.ActiveCfg = Debug|Any CPU
		{815FBCE5-6146-4299-B209-4CCC3DAAFF7B}.Debug|Any CPU.Build.0 = Debug|Any CPU
		{815FBCE5-6146-4299-B209-4CCC3DAAFF7B}.Release|Any CPU.ActiveCfg = Release|Any CPU
		{815FBCE5-6146-4299-B209-4CCC3DAAFF7B}.Release|Any CPU.Build.0 = Release|Any CPU
		{A98189EC-4449-44E0-A2E0-5B5309DCA475}.Debug|Any CPU.ActiveCfg = Debug|Any CPU
		{A98189EC-4449-44E0-A2E0-5B5309DCA475}.Debug|Any CPU.Build.0 = Debug|Any CPU
		{A98189EC-4449-44E0-A2E0-5B5309DCA475}.Release|Any CPU.ActiveCfg = Release|Any CPU
		{A98189EC-4449-44E0-A2E0-5B5309DCA475}.Release|Any CPU.Build.0 = Release|Any CPU
		{0A767A14-FF6A-463D-AEA2-6E3516F3D9F9}.Debug|Any CPU.ActiveCfg = Debug|Any CPU
		{0A767A14-FF6A-463D-AEA2-6E3516F3D9F9}.Debug|Any CPU.Build.0 = Debug|Any CPU
		{0A767A14-FF6A-463D-AEA2-6E3516F3D9F9}.Release|Any CPU.ActiveCfg = Release|Any CPU
		{0A767A14-FF6A-463D-AEA2-6E3516F3D9F9}.Release|Any CPU.Build.0 = Release|Any CPU
		{9B8C5FDA-7ECD-478F-AFCA-49BBC127FBC0}.Debug|Any CPU.ActiveCfg = Debug|Any CPU
		{9B8C5FDA-7ECD-478F-AFCA-49BBC127FBC0}.Debug|Any CPU.Build.0 = Debug|Any CPU
		{9B8C5FDA-7ECD-478F-AFCA-49BBC127FBC0}.Release|Any CPU.ActiveCfg = Release|Any CPU
		{9B8C5FDA-7ECD-478F-AFCA-49BBC127FBC0}.Release|Any CPU.Build.0 = Release|Any CPU
		{AE13B18A-9DAA-44C7-8794-1EEE658E0014}.Debug|Any CPU.ActiveCfg = Debug|Any CPU
		{AE13B18A-9DAA-44C7-8794-1EEE658E0014}.Debug|Any CPU.Build.0 = Debug|Any CPU
		{AE13B18A-9DAA-44C7-8794-1EEE658E0014}.Release|Any CPU.ActiveCfg = Release|Any CPU
		{AE13B18A-9DAA-44C7-8794-1EEE658E0014}.Release|Any CPU.Build.0 = Release|Any CPU
	EndGlobalSection
	GlobalSection(SolutionProperties) = preSolution
		HideSolutionNode = FALSE
	EndGlobalSection
	GlobalSection(NestedProjects) = preSolution
		{A4DBA4A4-5D8A-4B5F-926F-8FAB8D361862} = {78D6F1D0-449A-47D4-90AD-B43E40A7110D}
		{1DB91512-8647-4184-814E-97ED1FCF8DEB} = {770601C0-7B20-4922-8FCA-3EA0D5EC18EE}
		{8C08D8ED-2C78-48CD-A329-7432894C8F9B} = {78D6F1D0-449A-47D4-90AD-B43E40A7110D}
		{A309C3D3-27F6-4556-A075-0758C53C65AA} = {78D6F1D0-449A-47D4-90AD-B43E40A7110D}
		{C17BA842-B04C-446E-A46E-2F638858D851} = {78D6F1D0-449A-47D4-90AD-B43E40A7110D}
		{CA2AEF63-3C90-4098-8C93-D8FB641E302B} = {FD772984-1678-49A0-B2F3-C9298AC3A721}
		{815FBCE5-6146-4299-B209-4CCC3DAAFF7B} = {78D6F1D0-449A-47D4-90AD-B43E40A7110D}
		{A98189EC-4449-44E0-A2E0-5B5309DCA475} = {CFBA496F-62D3-40DE-9686-7B86BC8BC1DE}
		{0A767A14-FF6A-463D-AEA2-6E3516F3D9F9} = {78D6F1D0-449A-47D4-90AD-B43E40A7110D}
		{9B8C5FDA-7ECD-478F-AFCA-49BBC127FBC0} = {78D6F1D0-449A-47D4-90AD-B43E40A7110D}
		{AE13B18A-9DAA-44C7-8794-1EEE658E0014} = {9DE15127-1173-45CA-BD6B-9EA180F6759C}
	EndGlobalSection
	GlobalSection(ExtensibilityGlobals) = postSolution
		SolutionGuid = {88C194C0-1A3E-4A58-8218-7CE2BE96462C}
	EndGlobalSection
EndGlobal
